
Microsoft Visual Studio Solution File, Format Version 12.00
# Visual Studio Version 17
VisualStudioVersion = 17.7.34031.279
MinimumVisualStudioVersion = 10.0.40219.1
Project("{FAE04EC0-301F-11D3-BF4B-00C04F79EFBC}") = "Blog", "Blog\Blog.csproj", "{235EF360-8F50-4945-B2F3-AFA79768988D}"
EndProject
Global
	GlobalSection(SolutionConfigurationPlatforms) = preSolution
		Debug|Any CPU = Debug|Any CPU
		Release|Any CPU = Release|Any CPU
	EndGlobalSection
	GlobalSection(ProjectConfigurationPlatforms) = postSolution
		{235EF360-8F50-4945-B2F3-AFA79768988D}.Debug|Any CPU.ActiveCfg = Debug|Any CPU
		{235EF360-8F50-4945-B2F3-AFA79768988D}.Debug|Any CPU.Build.0 = Debug|Any CPU
		{235EF360-8F50-4945-B2F3-AFA79768988D}.Release|Any CPU.ActiveCfg = Release|Any CPU
		{235EF360-8F50-4945-B2F3-AFA79768988D}.Release|Any CPU.Build.0 = Release|Any CPU
	EndGlobalSection
	GlobalSection(SolutionProperties) = preSolution
		HideSolutionNode = FALSE
	EndGlobalSection
	GlobalSection(ExtensibilityGlobals) = postSolution
		SolutionGuid = {84F93384-7B7F-46AD-B4DC-52036BB66C91}
	EndGlobalSection
EndGlobal
